// !$*UTF8*$!
{
	archiveVersion = 1;
	classes = {
	};
	objectVersion = 46;
	objects = {

/* Begin PBXBuildFile section */
		FA6CA7E61A6E57BB005D7AB5 /* Verifier.cpp in Sources */ = {isa = PBXBuildFile; fileRef = FA6CA7E41A6E57BB005D7AB5 /* Verifier.cpp */; };
		FA6CA7E91A6E9327005D7AB5 /* Opcode.cpp in Sources */ = {isa = PBXBuildFile; fileRef = FA6CA7E81A6E9327005D7AB5 /* Opcode.cpp */; };
		FA6D73F81A50AA3C00486BFA /* VM.cpp in Sources */ = {isa = PBXBuildFile; fileRef = FA6D73F61A50AA3C00486BFA /* VM.cpp */; };
		FA6D73FB1A50AA6800486BFA /* Compiler.cpp in Sources */ = {isa = PBXBuildFile; fileRef = FA6D73F91A50AA6800486BFA /* Compiler.cpp */; };
		FA6D73FE1A50AA6F00486BFA /* Decompiler.cpp in Sources */ = {isa = PBXBuildFile; fileRef = FA6D73FC1A50AA6F00486BFA /* Decompiler.cpp */; };
		FA9126C41A4ECCAF00D6E970 /* ABCFile.cpp in Sources */ = {isa = PBXBuildFile; fileRef = FA9126C21A4ECCAF00D6E970 /* ABCFile.cpp */; };
		FAACBC9D1A3BE83C00D5F9F5 /* main.cpp in Sources */ = {isa = PBXBuildFile; fileRef = FAACBC9C1A3BE83C00D5F9F5 /* main.cpp */; };
		FAACBCA51A3BE86100D5F9F5 /* Document.cpp in Sources */ = {isa = PBXBuildFile; fileRef = FAACBCA31A3BE86100D5F9F5 /* Document.cpp */; };
		FAACBCAC1A3BEA5E00D5F9F5 /* StringReader.cpp in Sources */ = {isa = PBXBuildFile; fileRef = FAACBCAA1A3BEA5E00D5F9F5 /* StringReader.cpp */; };
		FAACBCAF1A3BF13200D5F9F5 /* Reader.cpp in Sources */ = {isa = PBXBuildFile; fileRef = FAACBCAD1A3BF13200D5F9F5 /* Reader.cpp */; };
		FAACBCB21A3BF17300D5F9F5 /* TagFactory.cpp in Sources */ = {isa = PBXBuildFile; fileRef = FAACBCB01A3BF17300D5F9F5 /* TagFactory.cpp */; };
		FAACBCB61A3BF70F00D5F9F5 /* Header.cpp in Sources */ = {isa = PBXBuildFile; fileRef = FAACBCB41A3BF70F00D5F9F5 /* Header.cpp */; };
		FAACBCB71A3C0E0700D5F9F5 /* GenericReader.cpp in Sources */ = {isa = PBXBuildFile; fileRef = FAACBCA81A3BE8ED00D5F9F5 /* GenericReader.cpp */; };
		FAACBCBB1A3C4A0900D5F9F5 /* Tag.cpp in Sources */ = {isa = PBXBuildFile; fileRef = FAACBCB91A3C4A0900D5F9F5 /* Tag.cpp */; };
		FAACBCC11A3C4E0D00D5F9F5 /* TagWithReader.cpp in Sources */ = {isa = PBXBuildFile; fileRef = FAACBCBF1A3C4E0D00D5F9F5 /* TagWithReader.cpp */; };
		FAACBCC61A3C577900D5F9F5 /* Shape.cpp in Sources */ = {isa = PBXBuildFile; fileRef = FAACBCC41A3C577900D5F9F5 /* Shape.cpp */; };
		FAACBCCF1A3DB96A00D5F9F5 /* test.swf in CopyFiles */ = {isa = PBXBuildFile; fileRef = FAACBCCE1A3DB94F00D5F9F5 /* test.swf */; };
		FAACBCD31A3DC5BD00D5F9F5 /* CoreFoundation.framework in Frameworks */ = {isa = PBXBuildFile; fileRef = FAACBCD21A3DC5BD00D5F9F5 /* CoreFoundation.framework */; };
		FAACBCD51A3DC5E500D5F9F5 /* Cocoa.framework in Frameworks */ = {isa = PBXBuildFile; fileRef = FAACBCD41A3DC5E500D5F9F5 /* Cocoa.framework */; };
		FAACBCD71A3DD7ED00D5F9F5 /* DefineShapeTag.cpp in Sources */ = {isa = PBXBuildFile; fileRef = FAACBCD61A3DD7ED00D5F9F5 /* DefineShapeTag.cpp */; };
		FAACBCDA1A3DE1CE00D5F9F5 /* PlaceObject2Tag.cpp in Sources */ = {isa = PBXBuildFile; fileRef = FAACBCD81A3DE1CE00D5F9F5 /* PlaceObject2Tag.cpp */; };
		FAC913AC1A4C1B700056AAB8 /* Button.cpp in Sources */ = {isa = PBXBuildFile; fileRef = FAC913AA1A4C1B700056AAB8 /* Button.cpp */; };
		FAD922851A3F3EDF00D92EDD /* OpenGL.framework in Frameworks */ = {isa = PBXBuildFile; fileRef = FAD922841A3F3EDF00D92EDD /* OpenGL.framework */; };
		FAF1B1111A3DF469007BBA1E /* Frame.cpp in Sources */ = {isa = PBXBuildFile; fileRef = FAF1B10F1A3DF469007BBA1E /* Frame.cpp */; };
		FAF1B1151A3DF8A7007BBA1E /* Render.cpp in Sources */ = {isa = PBXBuildFile; fileRef = FAF1B1131A3DF8A7007BBA1E /* Render.cpp */; };
		FAF1B1181A3E0539007BBA1E /* DefineSpriteTag.cpp in Sources */ = {isa = PBXBuildFile; fileRef = FAF1B1161A3E0539007BBA1E /* DefineSpriteTag.cpp */; };
		FAF1B11B1A3E05A0007BBA1E /* Sprite.cpp in Sources */ = {isa = PBXBuildFile; fileRef = FAF1B1191A3E05A0007BBA1E /* Sprite.cpp */; };
		FAF1B11E1A3E9F5A007BBA1E /* test2.swf in CopyFiles */ = {isa = PBXBuildFile; fileRef = FAF1B11D1A3E9F4C007BBA1E /* test2.swf */; };
		FAF1B1221A3F37AA007BBA1E /* SDL2.framework in Frameworks */ = {isa = PBXBuildFile; fileRef = FAF1B1211A3F37AA007BBA1E /* SDL2.framework */; };
		FAFC0E601A71AE3400C52E20 /* Object.cpp in Sources */ = {isa = PBXBuildFile; fileRef = FAFC0E5E1A71AE3400C52E20 /* Object.cpp */; };
/* End PBXBuildFile section */

/* Begin PBXCopyFilesBuildPhase section */
		FAACBC971A3BE83C00D5F9F5 /* CopyFiles */ = {
			isa = PBXCopyFilesBuildPhase;
			buildActionMask = 12;
			dstPath = "";
			dstSubfolderSpec = 16;
			files = (
				FAF1B11E1A3E9F5A007BBA1E /* test2.swf in CopyFiles */,
				FAACBCCF1A3DB96A00D5F9F5 /* test.swf in CopyFiles */,
			);
			runOnlyForDeploymentPostprocessing = 0;
		};
/* End PBXCopyFilesBuildPhase section */

/* Begin PBXFileReference section */
		FA35C0B01A66CC1000023438 /* mainpage.md */ = {isa = PBXFileReference; lastKnownFileType = net.daringfireball.markdown; path = mainpage.md; sourceTree = "<group>"; };
		FA35C0B11A66CDC000023438 /* directories.h */ = {isa = PBXFileReference; lastKnownFileType = sourcecode.c.h; path = directories.h; sourceTree = "<group>"; };
		FA35C0B21A66CF8400023438 /* doc-style.md */ = {isa = PBXFileReference; lastKnownFileType = net.daringfireball.markdown; path = "doc-style.md"; sourceTree = "<group>"; };
		FA35C0B31A6AFF0600023438 /* Structs.h */ = {isa = PBXFileReference; lastKnownFileType = sourcecode.c.h; path = Structs.h; sourceTree = "<group>"; };
		FA6CA7E41A6E57BB005D7AB5 /* Verifier.cpp */ = {isa = PBXFileReference; fileEncoding = 4; lastKnownFileType = sourcecode.cpp.cpp; path = Verifier.cpp; sourceTree = "<group>"; };
		FA6CA7E51A6E57BB005D7AB5 /* Verifier.h */ = {isa = PBXFileReference; fileEncoding = 4; lastKnownFileType = sourcecode.c.h; path = Verifier.h; sourceTree = "<group>"; };
		FA6CA7E71A6E586C005D7AB5 /* Opcode.h */ = {isa = PBXFileReference; lastKnownFileType = sourcecode.c.h; path = Opcode.h; sourceTree = "<group>"; };
		FA6CA7E81A6E9327005D7AB5 /* Opcode.cpp */ = {isa = PBXFileReference; fileEncoding = 4; lastKnownFileType = sourcecode.cpp.cpp; path = Opcode.cpp; sourceTree = "<group>"; };
		FA6CA7EA1A6E93C7005D7AB5 /* ops-macro.h */ = {isa = PBXFileReference; lastKnownFileType = sourcecode.c.h; path = "ops-macro.h"; sourceTree = "<group>"; };
		FA6D73F51A50A37000486BFA /* Node.h */ = {isa = PBXFileReference; lastKnownFileType = sourcecode.c.h; lineEnding = 0; path = Node.h; sourceTree = "<group>"; xcLanguageSpecificationIdentifier = xcode.lang.objcpp; };
		FA6D73F61A50AA3C00486BFA /* VM.cpp */ = {isa = PBXFileReference; fileEncoding = 4; lastKnownFileType = sourcecode.cpp.cpp; path = VM.cpp; sourceTree = "<group>"; };
		FA6D73F71A50AA3C00486BFA /* VM.h */ = {isa = PBXFileReference; fileEncoding = 4; lastKnownFileType = sourcecode.c.h; path = VM.h; sourceTree = "<group>"; };
		FA6D73F91A50AA6800486BFA /* Compiler.cpp */ = {isa = PBXFileReference; fileEncoding = 4; lastKnownFileType = sourcecode.cpp.cpp; path = Compiler.cpp; sourceTree = "<group>"; };
		FA6D73FA1A50AA6800486BFA /* Compiler.h */ = {isa = PBXFileReference; fileEncoding = 4; lastKnownFileType = sourcecode.c.h; path = Compiler.h; sourceTree = "<group>"; };
		FA6D73FC1A50AA6F00486BFA /* Decompiler.cpp */ = {isa = PBXFileReference; fileEncoding = 4; lastKnownFileType = sourcecode.cpp.cpp; path = Decompiler.cpp; sourceTree = "<group>"; };
		FA6D73FD1A50AA6F00486BFA /* Decompiler.h */ = {isa = PBXFileReference; fileEncoding = 4; lastKnownFileType = sourcecode.c.h; path = Decompiler.h; sourceTree = "<group>"; };
		FA6D74001A50AB4900486BFA /* MovieClip.h */ = {isa = PBXFileReference; lastKnownFileType = sourcecode.c.h; path = MovieClip.h; sourceTree = "<group>"; };
		FA6D74011A50AB4D00486BFA /* Sprite.h */ = {isa = PBXFileReference; lastKnownFileType = sourcecode.c.h; path = Sprite.h; sourceTree = "<group>"; };
		FA6D74051A51661F00486BFA /* macros.h */ = {isa = PBXFileReference; lastKnownFileType = sourcecode.c.h; path = macros.h; sourceTree = "<group>"; };
		FA6D74061A51665A00486BFA /* undef-macros.h */ = {isa = PBXFileReference; lastKnownFileType = sourcecode.c.h; path = "undef-macros.h"; sourceTree = "<group>"; };
		FA6D74071A5168C900486BFA /* ITagForSprite.h */ = {isa = PBXFileReference; lastKnownFileType = sourcecode.c.h; lineEnding = 0; path = ITagForSprite.h; sourceTree = "<group>"; xcLanguageSpecificationIdentifier = xcode.lang.objcpp; };
		FA6D74081A51697200486BFA /* ITagForDocument.h */ = {isa = PBXFileReference; lastKnownFileType = sourcecode.c.h; lineEnding = 0; path = ITagForDocument.h; sourceTree = "<group>"; xcLanguageSpecificationIdentifier = xcode.lang.objcpp; };
		FA7E31C61A5AFE67005E9E7D /* namespaces.h */ = {isa = PBXFileReference; lastKnownFileType = sourcecode.c.h; path = namespaces.h; sourceTree = "<group>"; };
		FA9126731A4C2B4D00D6E970 /* RemoveObjectTag.h */ = {isa = PBXFileReference; lastKnownFileType = sourcecode.c.h; path = RemoveObjectTag.h; sourceTree = "<group>"; };
		FA9126741A4C2B5400D6E970 /* RemoveObject2Tag.h */ = {isa = PBXFileReference; lastKnownFileType = sourcecode.c.h; path = RemoveObject2Tag.h; sourceTree = "<group>"; };
		FA9126751A4C611C00D6E970 /* PlaceObjectTag.h */ = {isa = PBXFileReference; lastKnownFileType = sourcecode.c.h; path = PlaceObjectTag.h; sourceTree = "<group>"; };
		FA9126761A4C612400D6E970 /* PlaceObject3Tag.h */ = {isa = PBXFileReference; lastKnownFileType = sourcecode.c.h; path = PlaceObject3Tag.h; sourceTree = "<group>"; };
		FA91267C1A4C61A500D6E970 /* DefineBitsTag.h */ = {isa = PBXFileReference; lastKnownFileType = sourcecode.c.h; path = DefineBitsTag.h; sourceTree = "<group>"; };
		FA91267D1A4C61B400D6E970 /* JPEGTablesTag.h */ = {isa = PBXFileReference; lastKnownFileType = sourcecode.c.h; path = JPEGTablesTag.h; sourceTree = "<group>"; };
		FA91267E1A4C61C600D6E970 /* DefineFontTag.h */ = {isa = PBXFileReference; lastKnownFileType = sourcecode.c.h; path = DefineFontTag.h; sourceTree = "<group>"; };
		FA91267F1A4C61CB00D6E970 /* DefineTextTag.h */ = {isa = PBXFileReference; lastKnownFileType = sourcecode.c.h; path = DefineTextTag.h; sourceTree = "<group>"; };
		FA9126801A4C61D500D6E970 /* DoActionTag.h */ = {isa = PBXFileReference; lastKnownFileType = sourcecode.c.h; path = DoActionTag.h; sourceTree = "<group>"; };
		FA9126811A4C61DE00D6E970 /* DefineFontInfoTag.h */ = {isa = PBXFileReference; lastKnownFileType = sourcecode.c.h; path = DefineFontInfoTag.h; sourceTree = "<group>"; };
		FA9126821A4C61E700D6E970 /* DefineSoundTag.h */ = {isa = PBXFileReference; lastKnownFileType = sourcecode.c.h; path = DefineSoundTag.h; sourceTree = "<group>"; };
		FA9126831A4C61FA00D6E970 /* StartSoundTag.h */ = {isa = PBXFileReference; lastKnownFileType = sourcecode.c.h; path = StartSoundTag.h; sourceTree = "<group>"; };
		FA9126841A4C620300D6E970 /* DefineButtonSoundTag.h */ = {isa = PBXFileReference; lastKnownFileType = sourcecode.c.h; path = DefineButtonSoundTag.h; sourceTree = "<group>"; };
		FA9126851A4C620F00D6E970 /* SoundStreamHeadTag.h */ = {isa = PBXFileReference; lastKnownFileType = sourcecode.c.h; path = SoundStreamHeadTag.h; sourceTree = "<group>"; };
		FA9126861A4C621B00D6E970 /* SoundStreamBlockTag.h */ = {isa = PBXFileReference; lastKnownFileType = sourcecode.c.h; path = SoundStreamBlockTag.h; sourceTree = "<group>"; };
		FA9126871A4C622800D6E970 /* DefineBitsLosslessTag.h */ = {isa = PBXFileReference; lastKnownFileType = sourcecode.c.h; path = DefineBitsLosslessTag.h; sourceTree = "<group>"; };
		FA9126881A4C623200D6E970 /* DefineBitsJPEG2Tag.h */ = {isa = PBXFileReference; lastKnownFileType = sourcecode.c.h; path = DefineBitsJPEG2Tag.h; sourceTree = "<group>"; };
		FA9126891A4C624300D6E970 /* DefineButtonCxformTag.h */ = {isa = PBXFileReference; lastKnownFileType = sourcecode.c.h; path = DefineButtonCxformTag.h; sourceTree = "<group>"; };
		FA91268A1A4C624B00D6E970 /* ProtectTag.h */ = {isa = PBXFileReference; lastKnownFileType = sourcecode.c.h; path = ProtectTag.h; sourceTree = "<group>"; };
		FA91268B1A4C625A00D6E970 /* DefineText2Tag.h */ = {isa = PBXFileReference; lastKnownFileType = sourcecode.c.h; path = DefineText2Tag.h; sourceTree = "<group>"; };
		FA91268C1A4C626300D6E970 /* DefineBitsJPEG3Tag.h */ = {isa = PBXFileReference; lastKnownFileType = sourcecode.c.h; path = DefineBitsJPEG3Tag.h; sourceTree = "<group>"; };
		FA91268D1A4C626E00D6E970 /* DefineBitsLossless2Tag.h */ = {isa = PBXFileReference; lastKnownFileType = sourcecode.c.h; path = DefineBitsLossless2Tag.h; sourceTree = "<group>"; };
		FA91268E1A4C627E00D6E970 /* DefineEditTextTag.h */ = {isa = PBXFileReference; lastKnownFileType = sourcecode.c.h; path = DefineEditTextTag.h; sourceTree = "<group>"; };
		FA91268F1A4C628900D6E970 /* FrameLabelTag.h */ = {isa = PBXFileReference; lastKnownFileType = sourcecode.c.h; path = FrameLabelTag.h; sourceTree = "<group>"; };
		FA9126901A4C629400D6E970 /* SoundStreamHead2Tag.h */ = {isa = PBXFileReference; lastKnownFileType = sourcecode.c.h; path = SoundStreamHead2Tag.h; sourceTree = "<group>"; };
		FA9126911A4C62A000D6E970 /* DefineMorphShapeTag.h */ = {isa = PBXFileReference; lastKnownFileType = sourcecode.c.h; path = DefineMorphShapeTag.h; sourceTree = "<group>"; };
		FA9126921A4C62AB00D6E970 /* DefineFont2Tag.h */ = {isa = PBXFileReference; lastKnownFileType = sourcecode.c.h; path = DefineFont2Tag.h; sourceTree = "<group>"; };
		FA9126931A4C62B800D6E970 /* ExportAssetsTag.h */ = {isa = PBXFileReference; lastKnownFileType = sourcecode.c.h; path = ExportAssetsTag.h; sourceTree = "<group>"; };
		FA9126941A4C62BE00D6E970 /* ImportAssetsTag.h */ = {isa = PBXFileReference; lastKnownFileType = sourcecode.c.h; path = ImportAssetsTag.h; sourceTree = "<group>"; };
		FA9126951A4C62C700D6E970 /* EnableDebuggerTag.h */ = {isa = PBXFileReference; lastKnownFileType = sourcecode.c.h; path = EnableDebuggerTag.h; sourceTree = "<group>"; };
		FA9126961A4C62D000D6E970 /* DoInitActionTag.h */ = {isa = PBXFileReference; lastKnownFileType = sourcecode.c.h; path = DoInitActionTag.h; sourceTree = "<group>"; };
		FA9126971A4C62DA00D6E970 /* DefineVideoStreamTag.h */ = {isa = PBXFileReference; lastKnownFileType = sourcecode.c.h; path = DefineVideoStreamTag.h; sourceTree = "<group>"; };
		FA9126981A4C62E500D6E970 /* VideoFrameTag.h */ = {isa = PBXFileReference; lastKnownFileType = sourcecode.c.h; path = VideoFrameTag.h; sourceTree = "<group>"; };
		FA9126991A4C62EE00D6E970 /* DefineFontInfo2Tag.h */ = {isa = PBXFileReference; lastKnownFileType = sourcecode.c.h; path = DefineFontInfo2Tag.h; sourceTree = "<group>"; };
		FA91269A1A4C62FF00D6E970 /* EnableDebugger2Tag.h */ = {isa = PBXFileReference; lastKnownFileType = sourcecode.c.h; path = EnableDebugger2Tag.h; sourceTree = "<group>"; };
		FA91269B1A4C630A00D6E970 /* ScriptLimitsTag.h */ = {isa = PBXFileReference; lastKnownFileType = sourcecode.c.h; path = ScriptLimitsTag.h; sourceTree = "<group>"; };
		FA91269C1A4C631100D6E970 /* SetTabIndexTag.h */ = {isa = PBXFileReference; lastKnownFileType = sourcecode.c.h; path = SetTabIndexTag.h; sourceTree = "<group>"; };
		FA91269D1A4C632C00D6E970 /* ImportAssets2Tag.h */ = {isa = PBXFileReference; lastKnownFileType = sourcecode.c.h; path = ImportAssets2Tag.h; sourceTree = "<group>"; };
		FA91269E1A4C633600D6E970 /* DefineFontAlignZonesTag.h */ = {isa = PBXFileReference; lastKnownFileType = sourcecode.c.h; path = DefineFontAlignZonesTag.h; sourceTree = "<group>"; };
		FA91269F1A4C634700D6E970 /* CSMTextSettingsTag.h */ = {isa = PBXFileReference; lastKnownFileType = sourcecode.c.h; path = CSMTextSettingsTag.h; sourceTree = "<group>"; };
		FA9126A01A4C634F00D6E970 /* DefineFont3Tag.h */ = {isa = PBXFileReference; lastKnownFileType = sourcecode.c.h; path = DefineFont3Tag.h; sourceTree = "<group>"; };
		FA9126A11A4C635700D6E970 /* SymbolClassTag.h */ = {isa = PBXFileReference; lastKnownFileType = sourcecode.c.h; path = SymbolClassTag.h; sourceTree = "<group>"; };
		FA9126A21A4C636100D6E970 /* MetadataTag.h */ = {isa = PBXFileReference; lastKnownFileType = sourcecode.c.h; path = MetadataTag.h; sourceTree = "<group>"; };
		FA9126A31A4C636900D6E970 /* DefineScalingGridTag.h */ = {isa = PBXFileReference; lastKnownFileType = sourcecode.c.h; path = DefineScalingGridTag.h; sourceTree = "<group>"; };
		FA9126A41A4C636F00D6E970 /* DoABCTag.h */ = {isa = PBXFileReference; lastKnownFileType = sourcecode.c.h; path = DoABCTag.h; sourceTree = "<group>"; };
		FA9126A51A4C637900D6E970 /* DefineMorphShape2Tag.h */ = {isa = PBXFileReference; lastKnownFileType = sourcecode.c.h; path = DefineMorphShape2Tag.h; sourceTree = "<group>"; };
		FA9126A61A4C638B00D6E970 /* DefineSceneAndFrameLabelDataTag.h */ = {isa = PBXFileReference; lastKnownFileType = sourcecode.c.h; path = DefineSceneAndFrameLabelDataTag.h; sourceTree = "<group>"; };
		FA9126A71A4C639400D6E970 /* DefineBinaryDataTag.h */ = {isa = PBXFileReference; lastKnownFileType = sourcecode.c.h; path = DefineBinaryDataTag.h; sourceTree = "<group>"; };
		FA9126A81A4C639C00D6E970 /* DefineFontNameTag.h */ = {isa = PBXFileReference; lastKnownFileType = sourcecode.c.h; path = DefineFontNameTag.h; sourceTree = "<group>"; };
		FA9126A91A4C63AB00D6E970 /* StartSound2Tag.h */ = {isa = PBXFileReference; lastKnownFileType = sourcecode.c.h; path = StartSound2Tag.h; sourceTree = "<group>"; };
		FA9126AA1A4C63B400D6E970 /* DefineBitsJPEG4Tag.h */ = {isa = PBXFileReference; lastKnownFileType = sourcecode.c.h; path = DefineBitsJPEG4Tag.h; sourceTree = "<group>"; };
		FA9126AB1A4C63BB00D6E970 /* DefineFont4Tag.h */ = {isa = PBXFileReference; lastKnownFileType = sourcecode.c.h; path = DefineFont4Tag.h; sourceTree = "<group>"; };
		FA9126AC1A4C63C300D6E970 /* EnableTelementryTag.h */ = {isa = PBXFileReference; lastKnownFileType = sourcecode.c.h; path = EnableTelementryTag.h; sourceTree = "<group>"; };
		FA9126C21A4ECCAF00D6E970 /* ABCFile.cpp */ = {isa = PBXFileReference; fileEncoding = 4; lastKnownFileType = sourcecode.cpp.cpp; path = ABCFile.cpp; sourceTree = "<group>"; };
		FA9126C31A4ECCAF00D6E970 /* ABCFile.h */ = {isa = PBXFileReference; fileEncoding = 4; lastKnownFileType = sourcecode.c.h; lineEnding = 0; path = ABCFile.h; sourceTree = "<group>"; xcLanguageSpecificationIdentifier = xcode.lang.objcpp; };
		FA9126C51A4ECDE700D6E970 /* types.h */ = {isa = PBXFileReference; lastKnownFileType = sourcecode.c.h; path = types.h; sourceTree = "<group>"; };
		FAACBC991A3BE83C00D5F9F5 /* jswf */ = {isa = PBXFileReference; explicitFileType = "compiled.mach-o.executable"; includeInIndex = 0; path = jswf; sourceTree = BUILT_PRODUCTS_DIR; };
		FAACBC9C1A3BE83C00D5F9F5 /* main.cpp */ = {isa = PBXFileReference; lastKnownFileType = sourcecode.cpp.cpp; path = main.cpp; sourceTree = "<group>"; };
		FAACBCA31A3BE86100D5F9F5 /* Document.cpp */ = {isa = PBXFileReference; fileEncoding = 4; lastKnownFileType = sourcecode.cpp.cpp; lineEnding = 0; path = Document.cpp; sourceTree = "<group>"; xcLanguageSpecificationIdentifier = xcode.lang.cpp; };
		FAACBCA41A3BE86100D5F9F5 /* Document.h */ = {isa = PBXFileReference; fileEncoding = 4; lastKnownFileType = sourcecode.c.h; lineEnding = 0; path = Document.h; sourceTree = "<group>"; xcLanguageSpecificationIdentifier = xcode.lang.objcpp; };
		FAACBCA71A3BE8ED00D5F9F5 /* GenericReader.h */ = {isa = PBXFileReference; explicitFileType = sourcecode.c.h; fileEncoding = 4; lineEnding = 0; path = GenericReader.h; sourceTree = "<group>"; xcLanguageSpecificationIdentifier = xcode.lang.objcpp; };
		FAACBCA81A3BE8ED00D5F9F5 /* GenericReader.cpp */ = {isa = PBXFileReference; fileEncoding = 4; lastKnownFileType = sourcecode.cpp.cpp; path = GenericReader.cpp; sourceTree = "<group>"; };
		FAACBCAA1A3BEA5E00D5F9F5 /* StringReader.cpp */ = {isa = PBXFileReference; fileEncoding = 4; lastKnownFileType = sourcecode.cpp.cpp; path = StringReader.cpp; sourceTree = "<group>"; };
		FAACBCAB1A3BEA5E00D5F9F5 /* StringReader.h */ = {isa = PBXFileReference; fileEncoding = 4; lastKnownFileType = sourcecode.c.h; path = StringReader.h; sourceTree = "<group>"; };
		FAACBCAD1A3BF13200D5F9F5 /* Reader.cpp */ = {isa = PBXFileReference; fileEncoding = 4; lastKnownFileType = sourcecode.cpp.cpp; path = Reader.cpp; sourceTree = "<group>"; };
		FAACBCAE1A3BF13200D5F9F5 /* Reader.h */ = {isa = PBXFileReference; fileEncoding = 4; lastKnownFileType = sourcecode.c.h; lineEnding = 0; path = Reader.h; sourceTree = "<group>"; xcLanguageSpecificationIdentifier = xcode.lang.objcpp; };
		FAACBCB01A3BF17300D5F9F5 /* TagFactory.cpp */ = {isa = PBXFileReference; fileEncoding = 4; lastKnownFileType = sourcecode.cpp.cpp; path = TagFactory.cpp; sourceTree = "<group>"; };
		FAACBCB11A3BF17300D5F9F5 /* TagFactory.h */ = {isa = PBXFileReference; fileEncoding = 4; lastKnownFileType = sourcecode.c.h; path = TagFactory.h; sourceTree = "<group>"; };
		FAACBCB41A3BF70F00D5F9F5 /* Header.cpp */ = {isa = PBXFileReference; fileEncoding = 4; lastKnownFileType = sourcecode.cpp.cpp; path = Header.cpp; sourceTree = "<group>"; };
		FAACBCB51A3BF70F00D5F9F5 /* Header.h */ = {isa = PBXFileReference; fileEncoding = 4; lastKnownFileType = sourcecode.c.h; lineEnding = 0; path = Header.h; sourceTree = "<group>"; xcLanguageSpecificationIdentifier = xcode.lang.objcpp; };
		FAACBCB91A3C4A0900D5F9F5 /* Tag.cpp */ = {isa = PBXFileReference; fileEncoding = 4; lastKnownFileType = sourcecode.cpp.cpp; path = Tag.cpp; sourceTree = "<group>"; };
		FAACBCBA1A3C4A0900D5F9F5 /* Tag.h */ = {isa = PBXFileReference; fileEncoding = 4; lastKnownFileType = sourcecode.c.h; path = Tag.h; sourceTree = "<group>"; };
		FAACBCBC1A3C4AEB00D5F9F5 /* EndTag.h */ = {isa = PBXFileReference; lastKnownFileType = sourcecode.c.h; path = EndTag.h; sourceTree = "<group>"; };
		FAACBCBD1A3C4C9200D5F9F5 /* ShowFrameTag.h */ = {isa = PBXFileReference; lastKnownFileType = sourcecode.c.h; path = ShowFrameTag.h; sourceTree = "<group>"; };
		FAACBCBE1A3C4D5F00D5F9F5 /* FileAttributesTag.h */ = {isa = PBXFileReference; lastKnownFileType = sourcecode.c.h; path = FileAttributesTag.h; sourceTree = "<group>"; };
		FAACBCBF1A3C4E0D00D5F9F5 /* TagWithReader.cpp */ = {isa = PBXFileReference; fileEncoding = 4; lastKnownFileType = sourcecode.cpp.cpp; path = TagWithReader.cpp; sourceTree = "<group>"; };
		FAACBCC01A3C4E0D00D5F9F5 /* TagWithReader.h */ = {isa = PBXFileReference; fileEncoding = 4; lastKnownFileType = sourcecode.c.h; path = TagWithReader.h; sourceTree = "<group>"; };
		FAACBCC21A3C4FD700D5F9F5 /* SetBackgroundColorTag.h */ = {isa = PBXFileReference; lastKnownFileType = sourcecode.c.h; path = SetBackgroundColorTag.h; sourceTree = "<group>"; };
		FAACBCC31A3C556400D5F9F5 /* DefineShapeTag.h */ = {isa = PBXFileReference; lastKnownFileType = sourcecode.c.h; lineEnding = 0; path = DefineShapeTag.h; sourceTree = "<group>"; xcLanguageSpecificationIdentifier = xcode.lang.objcpp; };
		FAACBCC41A3C577900D5F9F5 /* Shape.cpp */ = {isa = PBXFileReference; fileEncoding = 4; lastKnownFileType = sourcecode.cpp.cpp; path = Shape.cpp; sourceTree = "<group>"; };
		FAACBCC51A3C577900D5F9F5 /* Shape.h */ = {isa = PBXFileReference; fileEncoding = 4; lastKnownFileType = sourcecode.c.h; lineEnding = 0; path = Shape.h; sourceTree = "<group>"; xcLanguageSpecificationIdentifier = xcode.lang.objcpp; };
		FAACBCC71A3C590E00D5F9F5 /* Tags.h */ = {isa = PBXFileReference; lastKnownFileType = sourcecode.c.h; path = Tags.h; sourceTree = "<group>"; };
		FAACBCCA1A3D93EA00D5F9F5 /* FillStyle.h */ = {isa = PBXFileReference; lastKnownFileType = sourcecode.c.h; path = FillStyle.h; sourceTree = "<group>"; };
		FAACBCCB1A3D93F000D5F9F5 /* LineStyle.h */ = {isa = PBXFileReference; lastKnownFileType = sourcecode.c.h; path = LineStyle.h; sourceTree = "<group>"; };
		FAACBCCC1A3D979B00D5F9F5 /* Styles.h */ = {isa = PBXFileReference; lastKnownFileType = sourcecode.c.h; path = Styles.h; sourceTree = "<group>"; };
		FAACBCCE1A3DB94F00D5F9F5 /* test.swf */ = {isa = PBXFileReference; lastKnownFileType = file; name = test.swf; path = ../test.swf; sourceTree = "<group>"; };
		FAACBCD21A3DC5BD00D5F9F5 /* CoreFoundation.framework */ = {isa = PBXFileReference; lastKnownFileType = wrapper.framework; path = CoreFoundation.framework; sourceTree = "<group>"; };
		FAACBCD41A3DC5E500D5F9F5 /* Cocoa.framework */ = {isa = PBXFileReference; lastKnownFileType = wrapper.framework; path = Cocoa.framework; sourceTree = "<group>"; };
		FAACBCD61A3DD7ED00D5F9F5 /* DefineShapeTag.cpp */ = {isa = PBXFileReference; fileEncoding = 4; lastKnownFileType = sourcecode.cpp.cpp; path = DefineShapeTag.cpp; sourceTree = "<group>"; };
		FAACBCD81A3DE1CE00D5F9F5 /* PlaceObject2Tag.cpp */ = {isa = PBXFileReference; fileEncoding = 4; lastKnownFileType = sourcecode.cpp.cpp; path = PlaceObject2Tag.cpp; sourceTree = "<group>"; };
		FAACBCD91A3DE1CE00D5F9F5 /* PlaceObject2Tag.h */ = {isa = PBXFileReference; fileEncoding = 4; lastKnownFileType = sourcecode.c.h; lineEnding = 0; path = PlaceObject2Tag.h; sourceTree = "<group>"; xcLanguageSpecificationIdentifier = xcode.lang.objcpp; };
		FAACBCDB1A3DE46400D5F9F5 /* Character.h */ = {isa = PBXFileReference; lastKnownFileType = sourcecode.c.h; path = Character.h; sourceTree = "<group>"; };
		FAACBCDC1A3DE50600D5F9F5 /* TagWithCharacter.h */ = {isa = PBXFileReference; indentWidth = 2; lastKnownFileType = sourcecode.c.h; lineEnding = 0; path = TagWithCharacter.h; sourceTree = "<group>"; tabWidth = 2; xcLanguageSpecificationIdentifier = xcode.lang.objcpp; };
		FAC913A91A4C1B010056AAB8 /* DefineButtonTag.h */ = {isa = PBXFileReference; lastKnownFileType = sourcecode.c.h; lineEnding = 0; path = DefineButtonTag.h; sourceTree = "<group>"; xcLanguageSpecificationIdentifier = xcode.lang.objcpp; };
		FAC913AA1A4C1B700056AAB8 /* Button.cpp */ = {isa = PBXFileReference; fileEncoding = 4; lastKnownFileType = sourcecode.cpp.cpp; path = Button.cpp; sourceTree = "<group>"; };
		FAC913AB1A4C1B700056AAB8 /* Button.h */ = {isa = PBXFileReference; fileEncoding = 4; lastKnownFileType = sourcecode.c.h; lineEnding = 0; path = Button.h; sourceTree = "<group>"; xcLanguageSpecificationIdentifier = xcode.lang.objcpp; };
		FAC913AD1A4C1C070056AAB8 /* DefineButton2Tag.h */ = {isa = PBXFileReference; lastKnownFileType = sourcecode.c.h; path = DefineButton2Tag.h; sourceTree = "<group>"; };
		FAD2C1661A51B8EA00D460C6 /* TraitInfo.h */ = {isa = PBXFileReference; lastKnownFileType = sourcecode.c.h; path = TraitInfo.h; sourceTree = "<group>"; };
		FAD2C1671A51B90E00D460C6 /* Metadata.h */ = {isa = PBXFileReference; lastKnownFileType = sourcecode.c.h; path = Metadata.h; sourceTree = "<group>"; };
		FAD2C1681A51B93E00D460C6 /* Multiname.h */ = {isa = PBXFileReference; lastKnownFileType = sourcecode.c.h; path = Multiname.h; sourceTree = "<group>"; };
		FAD2C1691A51B95600D460C6 /* Namespace.h */ = {isa = PBXFileReference; lastKnownFileType = sourcecode.c.h; path = Namespace.h; sourceTree = "<group>"; };
		FAD2C16A1A51B9C600D460C6 /* ConstantKind.h */ = {isa = PBXFileReference; lastKnownFileType = sourcecode.c.h; path = ConstantKind.h; sourceTree = "<group>"; };
		FAD2C16B1A51BA1400D460C6 /* MethodInfo.h */ = {isa = PBXFileReference; lastKnownFileType = sourcecode.c.h; path = MethodInfo.h; sourceTree = "<group>"; };
		FAD922841A3F3EDF00D92EDD /* OpenGL.framework */ = {isa = PBXFileReference; lastKnownFileType = wrapper.framework; path = OpenGL.framework; sourceTree = "<group>"; };
		FAF1B10F1A3DF469007BBA1E /* Frame.cpp */ = {isa = PBXFileReference; fileEncoding = 4; lastKnownFileType = sourcecode.cpp.cpp; path = Frame.cpp; sourceTree = "<group>"; };
		FAF1B1101A3DF469007BBA1E /* Frame.h */ = {isa = PBXFileReference; fileEncoding = 4; lastKnownFileType = sourcecode.c.h; lineEnding = 0; path = Frame.h; sourceTree = "<group>"; xcLanguageSpecificationIdentifier = xcode.lang.objcpp; };
		FAF1B1131A3DF8A7007BBA1E /* Render.cpp */ = {isa = PBXFileReference; fileEncoding = 4; lastKnownFileType = sourcecode.cpp.cpp; lineEnding = 0; path = Render.cpp; sourceTree = "<group>"; xcLanguageSpecificationIdentifier = xcode.lang.cpp; };
		FAF1B1141A3DF8A7007BBA1E /* Render.h */ = {isa = PBXFileReference; fileEncoding = 4; lastKnownFileType = sourcecode.c.h; path = Render.h; sourceTree = "<group>"; };
		FAF1B1161A3E0539007BBA1E /* DefineSpriteTag.cpp */ = {isa = PBXFileReference; fileEncoding = 4; lastKnownFileType = sourcecode.cpp.cpp; path = DefineSpriteTag.cpp; sourceTree = "<group>"; };
		FAF1B1171A3E0539007BBA1E /* DefineSpriteTag.h */ = {isa = PBXFileReference; fileEncoding = 4; lastKnownFileType = sourcecode.c.h; lineEnding = 0; path = DefineSpriteTag.h; sourceTree = "<group>"; xcLanguageSpecificationIdentifier = xcode.lang.objcpp; };
		FAF1B1191A3E05A0007BBA1E /* Sprite.cpp */ = {isa = PBXFileReference; fileEncoding = 4; lastKnownFileType = sourcecode.cpp.cpp; path = Sprite.cpp; sourceTree = "<group>"; };
		FAF1B11A1A3E05A0007BBA1E /* Sprite.h */ = {isa = PBXFileReference; fileEncoding = 4; lastKnownFileType = sourcecode.c.h; lineEnding = 0; path = Sprite.h; sourceTree = "<group>"; xcLanguageSpecificationIdentifier = xcode.lang.objcpp; };
		FAF1B11C1A3E073F007BBA1E /* DefineShape3Tag.h */ = {isa = PBXFileReference; lastKnownFileType = sourcecode.c.h; path = DefineShape3Tag.h; sourceTree = "<group>"; };
		FAF1B11D1A3E9F4C007BBA1E /* test2.swf */ = {isa = PBXFileReference; lastKnownFileType = file; path = test2.swf; sourceTree = SOURCE_ROOT; };
		FAF1B11F1A3EB3AB007BBA1E /* DefineShape4Tag.h */ = {isa = PBXFileReference; lastKnownFileType = sourcecode.c.h; path = DefineShape4Tag.h; sourceTree = "<group>"; };
		FAF1B1201A3EEEF9007BBA1E /* DefineShape2Tag.h */ = {isa = PBXFileReference; lastKnownFileType = sourcecode.c.h; path = DefineShape2Tag.h; sourceTree = "<group>"; };
		FAF1B1211A3F37AA007BBA1E /* SDL2.framework */ = {isa = PBXFileReference; lastKnownFileType = wrapper.framework; path = SDL2.framework; sourceTree = "<group>"; };
		FAFC0E5E1A71AE3400C52E20 /* Object.cpp */ = {isa = PBXFileReference; fileEncoding = 4; lastKnownFileType = sourcecode.cpp.cpp; path = Object.cpp; sourceTree = "<group>"; };
		FAFC0E5F1A71AE3400C52E20 /* Object.h */ = {isa = PBXFileReference; fileEncoding = 4; lastKnownFileType = sourcecode.c.h; path = Object.h; sourceTree = "<group>"; };
/* End PBXFileReference section */

/* Begin PBXFrameworksBuildPhase section */
		FAACBC961A3BE83C00D5F9F5 /* Frameworks */ = {
			isa = PBXFrameworksBuildPhase;
			buildActionMask = 2147483647;
			files = (
				FAF1B1221A3F37AA007BBA1E /* SDL2.framework in Frameworks */,
				FAD922851A3F3EDF00D92EDD /* OpenGL.framework in Frameworks */,
				FAACBCD51A3DC5E500D5F9F5 /* Cocoa.framework in Frameworks */,
				FAACBCD31A3DC5BD00D5F9F5 /* CoreFoundation.framework in Frameworks */,
			);
			runOnlyForDeploymentPostprocessing = 0;
		};
/* End PBXFrameworksBuildPhase section */

/* Begin PBXGroup section */
		FA35C0AF1A66CBB900023438 /* documentation */ = {
			isa = PBXGroup;
			children = (
				FA35C0B11A66CDC000023438 /* directories.h */,
				FA7E31C61A5AFE67005E9E7D /* namespaces.h */,
				FA35C0B01A66CC1000023438 /* mainpage.md */,
				FA35C0B21A66CF8400023438 /* doc-style.md */,
			);
			path = documentation;
			sourceTree = "<group>";
		};
		FA6D73F31A5047C200486BFA /* Characters */ = {
			isa = PBXGroup;
			children = (
				FAACBCDB1A3DE46400D5F9F5 /* Character.h */,
				FAACBCC41A3C577900D5F9F5 /* Shape.cpp */,
				FAACBCC51A3C577900D5F9F5 /* Shape.h */,
				FAC913AA1A4C1B700056AAB8 /* Button.cpp */,
				FAC913AB1A4C1B700056AAB8 /* Button.h */,
				FAF1B1191A3E05A0007BBA1E /* Sprite.cpp */,
				FAF1B11A1A3E05A0007BBA1E /* Sprite.h */,
			);
			name = Characters;
			sourceTree = "<group>";
		};
		FA6D73F41A50A32700486BFA /* ::ast */ = {
			isa = PBXGroup;
			children = (
				FA6D73F51A50A37000486BFA /* Node.h */,
			);
			name = "::ast";
			path = ast;
			sourceTree = "<group>";
		};
		FA6D73FF1A50AAB900486BFA /* ::lib */ = {
			isa = PBXGroup;
			children = (
				FA6D74041A50AB9200486BFA /* ::display */,
			);
			name = "::lib";
			path = lib;
			sourceTree = "<group>";
		};
		FA6D74041A50AB9200486BFA /* ::display */ = {
			isa = PBXGroup;
			children = (
				FA6D74001A50AB4900486BFA /* MovieClip.h */,
				FA6D74011A50AB4D00486BFA /* Sprite.h */,
			);
			name = "::display";
			path = display;
			sourceTree = "<group>";
		};
		FA6D74091A516A4B00486BFA /* Interfaces */ = {
			isa = PBXGroup;
			children = (
				FA6D74071A5168C900486BFA /* ITagForSprite.h */,
				FA6D74081A51697200486BFA /* ITagForDocument.h */,
			);
			name = Interfaces;
			sourceTree = "<group>";
		};
		FA9126771A4C613600D6E970 /* PlaceObject */ = {
			isa = PBXGroup;
			children = (
				FA9126751A4C611C00D6E970 /* PlaceObjectTag.h */,
				FAACBCD81A3DE1CE00D5F9F5 /* PlaceObject2Tag.cpp */,
				FAACBCD91A3DE1CE00D5F9F5 /* PlaceObject2Tag.h */,
				FA9126761A4C612400D6E970 /* PlaceObject3Tag.h */,
			);
			name = PlaceObject;
			sourceTree = "<group>";
		};
		FA9126781A4C614400D6E970 /* Shape */ = {
			isa = PBXGroup;
			children = (
				FAACBCD61A3DD7ED00D5F9F5 /* DefineShapeTag.cpp */,
				FAACBCC31A3C556400D5F9F5 /* DefineShapeTag.h */,
				FAF1B1201A3EEEF9007BBA1E /* DefineShape2Tag.h */,
				FAF1B11C1A3E073F007BBA1E /* DefineShape3Tag.h */,
				FAF1B11F1A3EB3AB007BBA1E /* DefineShape4Tag.h */,
				FA9126B91A4C64F200D6E970 /* Morph */,
			);
			name = Shape;
			sourceTree = "<group>";
		};
		FA9126791A4C615200D6E970 /* Button */ = {
			isa = PBXGroup;
			children = (
				FAC913A91A4C1B010056AAB8 /* DefineButtonTag.h */,
				FAC913AD1A4C1C070056AAB8 /* DefineButton2Tag.h */,
				FA9126891A4C624300D6E970 /* DefineButtonCxformTag.h */,
			);
			name = Button;
			sourceTree = "<group>";
		};
		FA91267A1A4C615B00D6E970 /* RemoveObject */ = {
			isa = PBXGroup;
			children = (
				FA9126731A4C2B4D00D6E970 /* RemoveObjectTag.h */,
				FA9126741A4C2B5400D6E970 /* RemoveObject2Tag.h */,
			);
			name = RemoveObject;
			sourceTree = "<group>";
		};
		FA91267B1A4C616400D6E970 /* Base */ = {
			isa = PBXGroup;
			children = (
				FAACBCB91A3C4A0900D5F9F5 /* Tag.cpp */,
				FAACBCBA1A3C4A0900D5F9F5 /* Tag.h */,
				FAACBCBF1A3C4E0D00D5F9F5 /* TagWithReader.cpp */,
				FAACBCC01A3C4E0D00D5F9F5 /* TagWithReader.h */,
				FAACBCDC1A3DE50600D5F9F5 /* TagWithCharacter.h */,
			);
			name = Base;
			sourceTree = "<group>";
		};
		FA9126AD1A4C63D900D6E970 /* Font */ = {
			isa = PBXGroup;
			children = (
				FA91269E1A4C633600D6E970 /* DefineFontAlignZonesTag.h */,
				FA9126A81A4C639C00D6E970 /* DefineFontNameTag.h */,
				FA91267E1A4C61C600D6E970 /* DefineFontTag.h */,
				FA9126921A4C62AB00D6E970 /* DefineFont2Tag.h */,
				FA9126A01A4C634F00D6E970 /* DefineFont3Tag.h */,
				FA9126AB1A4C63BB00D6E970 /* DefineFont4Tag.h */,
				FA9126B21A4C643500D6E970 /* Info */,
			);
			name = Font;
			sourceTree = "<group>";
		};
		FA9126AE1A4C63EE00D6E970 /* JPEG */ = {
			isa = PBXGroup;
			children = (
				FA9126881A4C623200D6E970 /* DefineBitsJPEG2Tag.h */,
				FA91268C1A4C626300D6E970 /* DefineBitsJPEG3Tag.h */,
				FA9126AA1A4C63B400D6E970 /* DefineBitsJPEG4Tag.h */,
			);
			name = JPEG;
			sourceTree = "<group>";
		};
		FA9126AF1A4C63FA00D6E970 /* Lossless */ = {
			isa = PBXGroup;
			children = (
				FA9126871A4C622800D6E970 /* DefineBitsLosslessTag.h */,
				FA91268D1A4C626E00D6E970 /* DefineBitsLossless2Tag.h */,
			);
			name = Lossless;
			sourceTree = "<group>";
		};
		FA9126B01A4C641100D6E970 /* Bits */ = {
			isa = PBXGroup;
			children = (
				FA91267C1A4C61A500D6E970 /* DefineBitsTag.h */,
				FA9126AF1A4C63FA00D6E970 /* Lossless */,
				FA9126AE1A4C63EE00D6E970 /* JPEG */,
			);
			name = Bits;
			sourceTree = "<group>";
		};
		FA9126B11A4C642700D6E970 /* Import */ = {
			isa = PBXGroup;
			children = (
				FA9126941A4C62BE00D6E970 /* ImportAssetsTag.h */,
				FA91269D1A4C632C00D6E970 /* ImportAssets2Tag.h */,
			);
			name = Import;
			sourceTree = "<group>";
		};
		FA9126B21A4C643500D6E970 /* Info */ = {
			isa = PBXGroup;
			children = (
				FA9126811A4C61DE00D6E970 /* DefineFontInfoTag.h */,
				FA9126991A4C62EE00D6E970 /* DefineFontInfo2Tag.h */,
			);
			name = Info;
			sourceTree = "<group>";
		};
		FA9126B31A4C644100D6E970 /* Define */ = {
			isa = PBXGroup;
			children = (
				FA9126A31A4C636900D6E970 /* DefineScalingGridTag.h */,
				FA9126A61A4C638B00D6E970 /* DefineSceneAndFrameLabelDataTag.h */,
				FA9126A71A4C639400D6E970 /* DefineBinaryDataTag.h */,
				FA9126B41A4C647E00D6E970 /* Text */,
				FA9126791A4C615200D6E970 /* Button */,
				FA9126781A4C614400D6E970 /* Shape */,
				FA9126B01A4C641100D6E970 /* Bits */,
				FA9126AD1A4C63D900D6E970 /* Font */,
				FA9126BD1A4C656600D6E970 /* Sprite */,
				FA9126B81A4C64D800D6E970 /* Sound */,
			);
			name = Define;
			sourceTree = "<group>";
		};
		FA9126B41A4C647E00D6E970 /* Text */ = {
			isa = PBXGroup;
			children = (
				FA91267F1A4C61CB00D6E970 /* DefineTextTag.h */,
				FA91268B1A4C625A00D6E970 /* DefineText2Tag.h */,
				FA91268E1A4C627E00D6E970 /* DefineEditTextTag.h */,
			);
			name = Text;
			sourceTree = "<group>";
		};
		FA9126B51A4C64AA00D6E970 /* Actions */ = {
			isa = PBXGroup;
			children = (
				FA9126A11A4C635700D6E970 /* SymbolClassTag.h */,
				FA9126801A4C61D500D6E970 /* DoActionTag.h */,
				FA9126961A4C62D000D6E970 /* DoInitActionTag.h */,
				FA9126A41A4C636F00D6E970 /* DoABCTag.h */,
			);
			name = Actions;
			sourceTree = "<group>";
		};
		FA9126B61A4C64B900D6E970 /* Sound */ = {
			isa = PBXGroup;
			children = (
				FA9126831A4C61FA00D6E970 /* StartSoundTag.h */,
				FA9126A91A4C63AB00D6E970 /* StartSound2Tag.h */,
				FA9126851A4C620F00D6E970 /* SoundStreamHeadTag.h */,
				FA9126861A4C621B00D6E970 /* SoundStreamBlockTag.h */,
				FA9126901A4C629400D6E970 /* SoundStreamHead2Tag.h */,
			);
			name = Sound;
			sourceTree = "<group>";
		};
		FA9126B71A4C64C400D6E970 /* Video */ = {
			isa = PBXGroup;
			children = (
				FA9126971A4C62DA00D6E970 /* DefineVideoStreamTag.h */,
				FA9126981A4C62E500D6E970 /* VideoFrameTag.h */,
			);
			name = Video;
			sourceTree = "<group>";
		};
		FA9126B81A4C64D800D6E970 /* Sound */ = {
			isa = PBXGroup;
			children = (
				FA9126821A4C61E700D6E970 /* DefineSoundTag.h */,
				FA9126841A4C620300D6E970 /* DefineButtonSoundTag.h */,
			);
			name = Sound;
			sourceTree = "<group>";
		};
		FA9126B91A4C64F200D6E970 /* Morph */ = {
			isa = PBXGroup;
			children = (
				FA9126911A4C62A000D6E970 /* DefineMorphShapeTag.h */,
				FA9126A51A4C637900D6E970 /* DefineMorphShape2Tag.h */,
			);
			name = Morph;
			sourceTree = "<group>";
		};
		FA9126BA1A4C650A00D6E970 /* Misc */ = {
			isa = PBXGroup;
			children = (
				FA91267D1A4C61B400D6E970 /* JPEGTablesTag.h */,
				FAACBCBC1A3C4AEB00D5F9F5 /* EndTag.h */,
				FA91269B1A4C630A00D6E970 /* ScriptLimitsTag.h */,
				FA91269C1A4C631100D6E970 /* SetTabIndexTag.h */,
				FA91269F1A4C634700D6E970 /* CSMTextSettingsTag.h */,
				FA9126AC1A4C63C300D6E970 /* EnableTelementryTag.h */,
				FAACBCC21A3C4FD700D5F9F5 /* SetBackgroundColorTag.h */,
				FAACBCBE1A3C4D5F00D5F9F5 /* FileAttributesTag.h */,
				FA9126A21A4C636100D6E970 /* MetadataTag.h */,
			);
			name = Misc;
			sourceTree = "<group>";
		};
		FA9126BB1A4C651400D6E970 /* EnableDebugger */ = {
			isa = PBXGroup;
			children = (
				FA9126951A4C62C700D6E970 /* EnableDebuggerTag.h */,
				FA91269A1A4C62FF00D6E970 /* EnableDebugger2Tag.h */,
			);
			name = EnableDebugger;
			sourceTree = "<group>";
		};
		FA9126BC1A4C651D00D6E970 /* Assets */ = {
			isa = PBXGroup;
			children = (
				FA9126931A4C62B800D6E970 /* ExportAssetsTag.h */,
				FA9126B11A4C642700D6E970 /* Import */,
			);
			name = Assets;
			sourceTree = "<group>";
		};
		FA9126BD1A4C656600D6E970 /* Sprite */ = {
			isa = PBXGroup;
			children = (
				FAF1B1161A3E0539007BBA1E /* DefineSpriteTag.cpp */,
				FAF1B1171A3E0539007BBA1E /* DefineSpriteTag.h */,
			);
			name = Sprite;
			sourceTree = "<group>";
		};
		FA9126BF1A4C6B2300D6E970 /* ::avm2 */ = {
			isa = PBXGroup;
			children = (
				FA6D73F41A50A32700486BFA /* ::ast */,
				FA6D73FF1A50AAB900486BFA /* ::lib */,
				FAD2C1661A51B8EA00D460C6 /* TraitInfo.h */,
				FAD2C1671A51B90E00D460C6 /* Metadata.h */,
				FAD2C1681A51B93E00D460C6 /* Multiname.h */,
				FAD2C1691A51B95600D460C6 /* Namespace.h */,
				FAD2C16A1A51B9C600D460C6 /* ConstantKind.h */,
				FAD2C16B1A51BA1400D460C6 /* MethodInfo.h */,
				FA9126C21A4ECCAF00D6E970 /* ABCFile.cpp */,
				FA9126C31A4ECCAF00D6E970 /* ABCFile.h */,
				FA6CA7EA1A6E93C7005D7AB5 /* ops-macro.h */,
				FA6CA7E81A6E9327005D7AB5 /* Opcode.cpp */,
				FA6CA7E71A6E586C005D7AB5 /* Opcode.h */,
				FAFC0E5E1A71AE3400C52E20 /* Object.cpp */,
				FAFC0E5F1A71AE3400C52E20 /* Object.h */,
				FA6D73F61A50AA3C00486BFA /* VM.cpp */,
				FA6D73F71A50AA3C00486BFA /* VM.h */,
				FA6CA7E41A6E57BB005D7AB5 /* Verifier.cpp */,
				FA6CA7E51A6E57BB005D7AB5 /* Verifier.h */,
				FA6D73F91A50AA6800486BFA /* Compiler.cpp */,
				FA6D73FA1A50AA6800486BFA /* Compiler.h */,
				FA6D73FC1A50AA6F00486BFA /* Decompiler.cpp */,
				FA6D73FD1A50AA6F00486BFA /* Decompiler.h */,
			);
			name = "::avm2";
			path = avm2;
			sourceTree = "<group>";
		};
		FA9126C01A4C6DF300D6E970 /* Frame */ = {
			isa = PBXGroup;
			children = (
				FAACBCBD1A3C4C9200D5F9F5 /* ShowFrameTag.h */,
				FA91268F1A4C628900D6E970 /* FrameLabelTag.h */,
				FA9126771A4C613600D6E970 /* PlaceObject */,
				FA91267A1A4C615B00D6E970 /* RemoveObject */,
			);
			name = Frame;
			sourceTree = "<group>";
		};
		FA9126C11A4C6ED500D6E970 /* Protection */ = {
			isa = PBXGroup;
			children = (
				FA91268A1A4C624B00D6E970 /* ProtectTag.h */,
				FA9126BB1A4C651400D6E970 /* EnableDebugger */,
			);
			name = Protection;
			sourceTree = "<group>";
		};
		FAACBC901A3BE83C00D5F9F5 = {
			isa = PBXGroup;
			children = (
				FAD922841A3F3EDF00D92EDD /* OpenGL.framework */,
				FAF1B1211A3F37AA007BBA1E /* SDL2.framework */,
				FAACBCD41A3DC5E500D5F9F5 /* Cocoa.framework */,
				FAACBCD21A3DC5BD00D5F9F5 /* CoreFoundation.framework */,
				FAACBC9B1A3BE83C00D5F9F5 /* jswf */,
				FAACBC9A1A3BE83C00D5F9F5 /* Products */,
			);
			sourceTree = "<group>";
		};
		FAACBC9A1A3BE83C00D5F9F5 /* Products */ = {
			isa = PBXGroup;
			children = (
				FAACBC991A3BE83C00D5F9F5 /* jswf */,
			);
			name = Products;
			sourceTree = "<group>";
		};
		FAACBC9B1A3BE83C00D5F9F5 /* jswf */ = {
			isa = PBXGroup;
			children = (
				FA35C0AF1A66CBB900023438 /* documentation */,
				FA9126C51A4ECDE700D6E970 /* types.h */,
				FA6D74051A51661F00486BFA /* macros.h */,
				FA6D74061A51665A00486BFA /* undef-macros.h */,
				FAACBCB31A3BF1A000D5F9F5 /* ::io */,
				FAACBCA61A3BE86700D5F9F5 /* ::flash */,
				FA9126BF1A4C6B2300D6E970 /* ::avm2 */,
				FAF1B1121A3DF88B007BBA1E /* ::render */,
				FAACBC9C1A3BE83C00D5F9F5 /* main.cpp */,
				FAACBCCE1A3DB94F00D5F9F5 /* test.swf */,
				FAF1B11D1A3E9F4C007BBA1E /* test2.swf */,
			);
			path = jswf;
			sourceTree = "<group>";
		};
		FAACBCA61A3BE86700D5F9F5 /* ::flash */ = {
			isa = PBXGroup;
			children = (
				FAACBCB01A3BF17300D5F9F5 /* TagFactory.cpp */,
				FAACBCB11A3BF17300D5F9F5 /* TagFactory.h */,
				FAACBCB81A3C49FF00D5F9F5 /* ::tags */,
				FAACBCC81A3D93C300D5F9F5 /* ::styles */,
				FAACBCAD1A3BF13200D5F9F5 /* Reader.cpp */,
				FAACBCAE1A3BF13200D5F9F5 /* Reader.h */,
				FAACBCB41A3BF70F00D5F9F5 /* Header.cpp */,
				FAACBCB51A3BF70F00D5F9F5 /* Header.h */,
				FA35C0B31A6AFF0600023438 /* Structs.h */,
				FAACBCA31A3BE86100D5F9F5 /* Document.cpp */,
				FAACBCA41A3BE86100D5F9F5 /* Document.h */,
				FAF1B10F1A3DF469007BBA1E /* Frame.cpp */,
				FAF1B1101A3DF469007BBA1E /* Frame.h */,
				FA6D73F31A5047C200486BFA /* Characters */,
			);
			name = "::flash";
			path = flash;
			sourceTree = "<group>";
		};
		FAACBCB31A3BF1A000D5F9F5 /* ::io */ = {
			isa = PBXGroup;
			children = (
				FAACBCA81A3BE8ED00D5F9F5 /* GenericReader.cpp */,
				FAACBCA71A3BE8ED00D5F9F5 /* GenericReader.h */,
				FAACBCAA1A3BEA5E00D5F9F5 /* StringReader.cpp */,
				FAACBCAB1A3BEA5E00D5F9F5 /* StringReader.h */,
			);
			name = "::io";
			path = io;
			sourceTree = "<group>";
		};
		FAACBCB81A3C49FF00D5F9F5 /* ::tags */ = {
			isa = PBXGroup;
			children = (
				FAACBCC71A3C590E00D5F9F5 /* Tags.h */,
				FA91267B1A4C616400D6E970 /* Base */,
				FA6D74091A516A4B00486BFA /* Interfaces */,
				FA9126B31A4C644100D6E970 /* Define */,
				FA9126C01A4C6DF300D6E970 /* Frame */,
				FA9126B51A4C64AA00D6E970 /* Actions */,
				FA9126B61A4C64B900D6E970 /* Sound */,
				FA9126BC1A4C651D00D6E970 /* Assets */,
				FA9126C11A4C6ED500D6E970 /* Protection */,
				FA9126B71A4C64C400D6E970 /* Video */,
				FA9126BA1A4C650A00D6E970 /* Misc */,
			);
			name = "::tags";
			path = tags;
			sourceTree = "<group>";
		};
		FAACBCC81A3D93C300D5F9F5 /* ::styles */ = {
			isa = PBXGroup;
			children = (
				FAACBCCC1A3D979B00D5F9F5 /* Styles.h */,
				FAACBCCB1A3D93F000D5F9F5 /* LineStyle.h */,
				FAACBCCA1A3D93EA00D5F9F5 /* FillStyle.h */,
			);
			name = "::styles";
			path = styles;
			sourceTree = "<group>";
		};
		FAF1B1121A3DF88B007BBA1E /* ::render */ = {
			isa = PBXGroup;
			children = (
				FAF1B1131A3DF8A7007BBA1E /* Render.cpp */,
				FAF1B1141A3DF8A7007BBA1E /* Render.h */,
			);
			name = "::render";
			path = render;
			sourceTree = "<group>";
		};
/* End PBXGroup section */

/* Begin PBXNativeTarget section */
		FAACBC981A3BE83C00D5F9F5 /* jswf */ = {
			isa = PBXNativeTarget;
			buildConfigurationList = FAACBCA01A3BE83C00D5F9F5 /* Build configuration list for PBXNativeTarget "jswf" */;
			buildPhases = (
				FAACBC951A3BE83C00D5F9F5 /* Sources */,
				FAACBC961A3BE83C00D5F9F5 /* Frameworks */,
				FAACBC971A3BE83C00D5F9F5 /* CopyFiles */,
			);
			buildRules = (
			);
			dependencies = (
			);
			name = jswf;
			productName = jswf;
			productReference = FAACBC991A3BE83C00D5F9F5 /* jswf */;
			productType = "com.apple.product-type.tool";
		};
/* End PBXNativeTarget section */

/* Begin PBXProject section */
		FAACBC911A3BE83C00D5F9F5 /* Project object */ = {
			isa = PBXProject;
			attributes = {
				LastUpgradeCheck = 0610;
				ORGANIZATIONNAME = "Alexander Rath";
				TargetAttributes = {
					FAACBC981A3BE83C00D5F9F5 = {
						CreatedOnToolsVersion = 6.1;
					};
				};
			};
			buildConfigurationList = FAACBC941A3BE83C00D5F9F5 /* Build configuration list for PBXProject "jswf" */;
			compatibilityVersion = "Xcode 3.2";
			developmentRegion = English;
			hasScannedForEncodings = 0;
			knownRegions = (
				en,
			);
			mainGroup = FAACBC901A3BE83C00D5F9F5;
			productRefGroup = FAACBC9A1A3BE83C00D5F9F5 /* Products */;
			projectDirPath = "";
			projectRoot = "";
			targets = (
				FAACBC981A3BE83C00D5F9F5 /* jswf */,
			);
		};
/* End PBXProject section */

/* Begin PBXSourcesBuildPhase section */
		FAACBC951A3BE83C00D5F9F5 /* Sources */ = {
			isa = PBXSourcesBuildPhase;
			buildActionMask = 2147483647;
			files = (
				FAF1B1181A3E0539007BBA1E /* DefineSpriteTag.cpp in Sources */,
				FAACBCD71A3DD7ED00D5F9F5 /* DefineShapeTag.cpp in Sources */,
				FAFC0E601A71AE3400C52E20 /* Object.cpp in Sources */,
				FAC913AC1A4C1B700056AAB8 /* Button.cpp in Sources */,
				FAF1B11B1A3E05A0007BBA1E /* Sprite.cpp in Sources */,
				FAACBCBB1A3C4A0900D5F9F5 /* Tag.cpp in Sources */,
				FAACBCB21A3BF17300D5F9F5 /* TagFactory.cpp in Sources */,
				FA6CA7E91A6E9327005D7AB5 /* Opcode.cpp in Sources */,
				FAF1B1111A3DF469007BBA1E /* Frame.cpp in Sources */,
				FAF1B1151A3DF8A7007BBA1E /* Render.cpp in Sources */,
				FA6D73FB1A50AA6800486BFA /* Compiler.cpp in Sources */,
				FA9126C41A4ECCAF00D6E970 /* ABCFile.cpp in Sources */,
				FAACBCA51A3BE86100D5F9F5 /* Document.cpp in Sources */,
				FAACBCB71A3C0E0700D5F9F5 /* GenericReader.cpp in Sources */,
				FAACBC9D1A3BE83C00D5F9F5 /* main.cpp in Sources */,
				FAACBCC11A3C4E0D00D5F9F5 /* TagWithReader.cpp in Sources */,
				FAACBCB61A3BF70F00D5F9F5 /* Header.cpp in Sources */,
				FA6D73F81A50AA3C00486BFA /* VM.cpp in Sources */,
				FAACBCC61A3C577900D5F9F5 /* Shape.cpp in Sources */,
				FAACBCAC1A3BEA5E00D5F9F5 /* StringReader.cpp in Sources */,
				FAACBCDA1A3DE1CE00D5F9F5 /* PlaceObject2Tag.cpp in Sources */,
				FAACBCAF1A3BF13200D5F9F5 /* Reader.cpp in Sources */,
				FA6D73FE1A50AA6F00486BFA /* Decompiler.cpp in Sources */,
				FA6CA7E61A6E57BB005D7AB5 /* Verifier.cpp in Sources */,
			);
			runOnlyForDeploymentPostprocessing = 0;
		};
/* End PBXSourcesBuildPhase section */

/* Begin XCBuildConfiguration section */
		FAACBC9E1A3BE83C00D5F9F5 /* Debug */ = {
			isa = XCBuildConfiguration;
			buildSettings = {
				ALWAYS_SEARCH_USER_PATHS = NO;
				CLANG_CXX_LANGUAGE_STANDARD = "gnu++0x";
				CLANG_CXX_LIBRARY = "libc++";
				CLANG_ENABLE_MODULES = YES;
				CLANG_ENABLE_OBJC_ARC = YES;
				CLANG_WARN_BOOL_CONVERSION = YES;
				CLANG_WARN_CONSTANT_CONVERSION = YES;
				CLANG_WARN_DIRECT_OBJC_ISA_USAGE = YES_ERROR;
				CLANG_WARN_EMPTY_BODY = YES;
				CLANG_WARN_ENUM_CONVERSION = YES;
				CLANG_WARN_INT_CONVERSION = YES;
				CLANG_WARN_OBJC_ROOT_CLASS = YES_ERROR;
				CLANG_WARN_UNREACHABLE_CODE = YES;
				CLANG_WARN__DUPLICATE_METHOD_MATCH = YES;
				COPY_PHASE_STRIP = NO;
				ENABLE_STRICT_OBJC_MSGSEND = YES;
				GCC_C_LANGUAGE_STANDARD = gnu99;
				GCC_DYNAMIC_NO_PIC = NO;
				GCC_OPTIMIZATION_LEVEL = 0;
				GCC_PREPROCESSOR_DEFINITIONS = (
					"DEBUG=1",
					"$(inherited)",
				);
				GCC_SYMBOLS_PRIVATE_EXTERN = NO;
				GCC_WARN_64_TO_32_BIT_CONVERSION = YES;
				GCC_WARN_ABOUT_RETURN_TYPE = YES_ERROR;
				GCC_WARN_UNDECLARED_SELECTOR = YES;
				GCC_WARN_UNINITIALIZED_AUTOS = YES_AGGRESSIVE;
				GCC_WARN_UNUSED_FUNCTION = YES;
				GCC_WARN_UNUSED_VARIABLE = YES;
				HEADER_SEARCH_PATHS = (
					"$(inherited)",
					/Applications/Xcode.app/Contents/Developer/Toolchains/XcodeDefault.xctoolchain/usr/include,
				);
				MACOSX_DEPLOYMENT_TARGET = 10.9;
				MTL_ENABLE_DEBUG_INFO = YES;
				ONLY_ACTIVE_ARCH = YES;
				OTHER_LDFLAGS = "";
				SDKROOT = macosx;
				USER_HEADER_SEARCH_PATHS = "/usr/local/include/**";
			};
			name = Debug;
		};
		FAACBC9F1A3BE83C00D5F9F5 /* Release */ = {
			isa = XCBuildConfiguration;
			buildSettings = {
				ALWAYS_SEARCH_USER_PATHS = NO;
				CLANG_CXX_LANGUAGE_STANDARD = "gnu++0x";
				CLANG_CXX_LIBRARY = "libc++";
				CLANG_ENABLE_MODULES = YES;
				CLANG_ENABLE_OBJC_ARC = YES;
				CLANG_WARN_BOOL_CONVERSION = YES;
				CLANG_WARN_CONSTANT_CONVERSION = YES;
				CLANG_WARN_DIRECT_OBJC_ISA_USAGE = YES_ERROR;
				CLANG_WARN_EMPTY_BODY = YES;
				CLANG_WARN_ENUM_CONVERSION = YES;
				CLANG_WARN_INT_CONVERSION = YES;
				CLANG_WARN_OBJC_ROOT_CLASS = YES_ERROR;
				CLANG_WARN_UNREACHABLE_CODE = YES;
				CLANG_WARN__DUPLICATE_METHOD_MATCH = YES;
				COPY_PHASE_STRIP = YES;
				DEBUG_INFORMATION_FORMAT = "dwarf-with-dsym";
				ENABLE_NS_ASSERTIONS = NO;
				ENABLE_STRICT_OBJC_MSGSEND = YES;
				GCC_C_LANGUAGE_STANDARD = gnu99;
				GCC_WARN_64_TO_32_BIT_CONVERSION = YES;
				GCC_WARN_ABOUT_RETURN_TYPE = YES_ERROR;
				GCC_WARN_UNDECLARED_SELECTOR = YES;
				GCC_WARN_UNINITIALIZED_AUTOS = YES_AGGRESSIVE;
				GCC_WARN_UNUSED_FUNCTION = YES;
				GCC_WARN_UNUSED_VARIABLE = YES;
				HEADER_SEARCH_PATHS = (
					"$(inherited)",
					/Applications/Xcode.app/Contents/Developer/Toolchains/XcodeDefault.xctoolchain/usr/include,
				);
				MACOSX_DEPLOYMENT_TARGET = 10.9;
				MTL_ENABLE_DEBUG_INFO = NO;
				OTHER_LDFLAGS = "";
				SDKROOT = macosx;
				USER_HEADER_SEARCH_PATHS = "/usr/local/include/**";
			};
			name = Release;
		};
		FAACBCA11A3BE83C00D5F9F5 /* Debug */ = {
			isa = XCBuildConfiguration;
			buildSettings = {
				FRAMEWORK_SEARCH_PATHS = (
					"$(inherited)",
					"$(PROJECT_DIR)",
				);
				GCC_OPTIMIZATION_LEVEL = 0;
				LIBRARY_SEARCH_PATHS = "/usr/local/lib/**";
				OTHER_LDFLAGS = (
					"-lz",
					"-lsdlmain",
					"-lsdl",
				);
				PRODUCT_NAME = "$(TARGET_NAME)";
			};
			name = Debug;
		};
		FAACBCA21A3BE83C00D5F9F5 /* Release */ = {
			isa = XCBuildConfiguration;
			buildSettings = {
				FRAMEWORK_SEARCH_PATHS = (
					"$(inherited)",
					"$(PROJECT_DIR)",
				);
				GCC_OPTIMIZATION_LEVEL = s;
				LIBRARY_SEARCH_PATHS = "/usr/local/lib/**";
				OTHER_LDFLAGS = (
					"-lz",
					"-lsdlmain",
					"-lsdl",
				);
				PRODUCT_NAME = "$(TARGET_NAME)";
			};
			name = Release;
		};
/* End XCBuildConfiguration section */

/* Begin XCConfigurationList section */
		FAACBC941A3BE83C00D5F9F5 /* Build configuration list for PBXProject "jswf" */ = {
			isa = XCConfigurationList;
			buildConfigurations = (
				FAACBC9E1A3BE83C00D5F9F5 /* Debug */,
				FAACBC9F1A3BE83C00D5F9F5 /* Release */,
			);
			defaultConfigurationIsVisible = 0;
			defaultConfigurationName = Release;
		};
		FAACBCA01A3BE83C00D5F9F5 /* Build configuration list for PBXNativeTarget "jswf" */ = {
			isa = XCConfigurationList;
			buildConfigurations = (
				FAACBCA11A3BE83C00D5F9F5 /* Debug */,
				FAACBCA21A3BE83C00D5F9F5 /* Release */,
			);
			defaultConfigurationIsVisible = 0;
			defaultConfigurationName = Release;
		};
/* End XCConfigurationList section */
	};
	rootObject = FAACBC911A3BE83C00D5F9F5 /* Project object */;
}
